
Microsoft Visual Studio Solution File, Format Version 12.00
# Visual Studio 2012
Project("{FAE04EC0-301F-11D3-BF4B-00C04F79EFBC}") = "WeatherPrediction", "WeatherPrediction\WeatherPrediction.csproj", "{655D2608-3043-4670-A741-F2D1C084CBCA}"
EndProject
Global
	GlobalSection(SolutionConfigurationPlatforms) = preSolution
		Debug|Any CPU = Debug|Any CPU
		Release|Any CPU = Release|Any CPU
	EndGlobalSection
	GlobalSection(ProjectConfigurationPlatforms) = postSolution
		{655D2608-3043-4670-A741-F2D1C084CBCA}.Debug|Any CPU.ActiveCfg = Debug|Any CPU
		{655D2608-3043-4670-A741-F2D1C084CBCA}.Debug|Any CPU.Build.0 = Debug|Any CPU
		{655D2608-3043-4670-A741-F2D1C084CBCA}.Release|Any CPU.ActiveCfg = Release|Any CPU
		{655D2608-3043-4670-A741-F2D1C084CBCA}.Release|Any CPU.Build.0 = Release|Any CPU
	EndGlobalSection
	GlobalSection(SolutionProperties) = preSolution
		HideSolutionNode = FALSE
	EndGlobalSection
EndGlobal
